<?xml version="1.0" encoding="utf-8"?>
<Project ToolsVersion="4.0" xmlns="http://schemas.microsoft.com/developer/msbuild/2003">
  <ItemGroup>
    <Filter Include="Source Files">
      <UniqueIdentifier>{87ee8610-8a54-4490-8e01-c048ca699fa4}</UniqueIdentifier>
      <Extensions>cpp;c;cxx;rc;def;r;odl;idl;hpj;bat</Extensions>
    </Filter>
    <Filter Include="Header Files">
      <UniqueIdentifier>{65b7e85e-d4fd-4cfd-ab61-258f4759d7bf}</UniqueIdentifier>
      <Extensions>h;hpp;hxx;hm;inl</Extensions>
    </Filter>
    <Filter Include="ImageLib">
      <UniqueIdentifier>{f20e32b3-1777-4b39-b54b-0ab73e4b9e4b}</UniqueIdentifier>
    </Filter>
    <Filter Include="Resource Files">
      <UniqueIdentifier>{c229aac1-a7e6-49d0-b4c4-c307194b827e}</UniqueIdentifier>
      <Extensions>ico;cur;bmp;dlg;rc2;rct;bin;rgs;gif;jpg;jpeg;jpe</Extensions>
    </Filter>
  </ItemGroup>
  <ItemGroup>
    <ClCompile Include="src\BrushConfigUI.cpp">
      <Filter>Source Files</Filter>
    </ClCompile>
    <ClCompile Include="src\correlation.cpp">
      <Filter>Source Files</Filter>
    </ClCompile>
    <ClCompile Include="src\FltDesignUI.cpp">
      <Filter>Source Files</Filter>
    </ClCompile>
    <ClCompile Include="src\HelpPageUI.cpp">
      <Filter>Source Files</Filter>
    </ClCompile>
    <ClCompile Include="src\ImgFilterUI.cpp">
      <Filter>Source Files</Filter>
    </ClCompile>
    <ClCompile Include="src\ImgFltAux.cpp">
      <Filter>Source Files</Filter>
    </ClCompile>
    <ClCompile Include="src\ImgFltMain.cpp">
      <Filter>Source Files</Filter>
    </ClCompile>
    <ClCompile Include="src\ImgView.cpp">
      <Filter>Source Files</Filter>
    </ClCompile>
    <ClCompile Include="src\iScissor.cpp">
      <Filter>Source Files</Filter>
    </ClCompile>
    <ClCompile Include="src\ScissorPanelUI.cpp">
      <Filter>Source Files</Filter>
    </ClCompile>
    <ClCompile Include="src\ImageLib\FileIO.cpp">
      <Filter>ImageLib</Filter>
    </ClCompile>
    <ClCompile Include="src\ImageLib\Image.cpp">
      <Filter>ImageLib</Filter>
    </ClCompile>
    <ClCompile Include="src\ImageLib\RefCntMem.cpp">
      <Filter>ImageLib</Filter>
    </ClCompile>
  </ItemGroup>
  <ItemGroup>
    <ClInclude Include="src\BrushConfigUI.h">
      <Filter>Header Files</Filter>
    </ClInclude>
    <ClInclude Include="src\correlation.h">
      <Filter>Header Files</Filter>
    </ClInclude>
    <ClInclude Include="src\FltDesignUI.h">
      <Filter>Header Files</Filter>
    </ClInclude>
    <ClInclude Include="src\HelpPageUI.h">
      <Filter>Header Files</Filter>
    </ClInclude>
    <ClInclude Include="src\ImgFilterUI.h">
      <Filter>Header Files</Filter>
    </ClInclude>
    <ClInclude Include="src\imgflt.h">
      <Filter>Header Files</Filter>
    </ClInclude>
    <ClInclude Include="src\ImgFltAux.h">
      <Filter>Header Files</Filter>
    </ClInclude>
    <ClInclude Include="src\ImgView.h">
      <Filter>Header Files</Filter>
    </ClInclude>
    <ClInclude Include="src\iScissor.h">
      <Filter>Header Files</Filter>
    </ClInclude>
    <ClInclude Include="src\PriorityQueue.h">
      <Filter>Header Files</Filter>
    </ClInclude>
    <ClInclude Include="src\ScissorPanelUI.h">
      <Filter>Header Files</Filter>
    </ClInclude>
    <ClInclude Include="src\ImageLib\FileIO.h">
      <Filter>ImageLib</Filter>
    </ClInclude>
    <ClInclude Include="src\ImageLib\Image.h">
      <Filter>ImageLib</Filter>
    </ClInclude>
    <ClInclude Include="src\ImageLib\RefCntMem.h">
      <Filter>ImageLib</Filter>
    </ClInclude>
  </ItemGroup>
  <ItemGroup>
    <None Include="src\ImageLib\Image.inl">
      <Filter>ImageLib</Filter>
    </None>
  </ItemGroup>
</Project>